
Microsoft Visual Studio Solution File, Format Version 12.00
# Visual Studio Version 16
VisualStudioVersion = 16.0.30002.166
MinimumVisualStudioVersion = 10.0.40219.1
Project("{FAE04EC0-301F-11D3-BF4B-00C04F79EFBC}") = "FileExistsBenchmark", "FileExistsBenchmark.csproj", "{4AC296D4-29FE-4ACE-9F1B-91957390C8EE}"
EndProject
Global
	GlobalSection(SolutionConfigurationPlatforms) = preSolution
		Debug|Any CPU = Debug|Any CPU
		Release|Any CPU = Release|Any CPU
	EndGlobalSection
	GlobalSection(ProjectConfigurationPlatforms) = postSolution
		{4AC296D4-29FE-4ACE-9F1B-91957390C8EE}.Debug|Any CPU.ActiveCfg = Debug|Any CPU
		{4AC296D4-29FE-4ACE-9F1B-91957390C8EE}.Debug|Any CPU.Build.0 = Debug|Any CPU
		{4AC296D4-29FE-4ACE-9F1B-91957390C8EE}.Release|Any CPU.ActiveCfg = Release|Any CPU
		{4AC296D4-29FE-4ACE-9F1B-91957390C8EE}.Release|Any CPU.Build.0 = Release|Any CPU
	EndGlobalSection
	GlobalSection(SolutionProperties) = preSolution
		HideSolutionNode = FALSE
	EndGlobalSection
	GlobalSection(ExtensibilityGlobals) = postSolution
		SolutionGuid = {F6020BCA-3506-494F-8744-2F8A4D7F4B28}
	EndGlobalSection
EndGlobal
